# THIS IS AN AUTOGENERATED FILE. DO NOT EDIT THIS FILE DIRECTLY.
# yarn lockfile v1
eslint-config-standard:
  version "6.2.0"
  resolved "https://registry.yarnpkg.com/eslint-config-standard/-/eslint-config-standard-6.2.0.tgz#1d2384ee074de6f6b6c0f2bbe976863032565aee"

eslint-plugin-promise:
  version "3.0.0"
  resolved "https://registry.yarnpkg.com/eslint-plugin-promise/-/eslint-plugin-promise-3.0.0.tgz#1528635d0160f3484e425cce2169cb74cec0186a"

eslint-plugin-standard:
  version "2.0.1"
  resolved "https://registry.yarnpkg.com/eslint-plugin-standard/-/eslint-plugin-standard-2.0.1.tgz#3589699ff9c917f2c25f76a916687f641c369ff3"

